
Microsoft Visual Studio Solution File, Format Version 12.00
# Visual Studio 15
VisualStudioVersion = 15.0.28307.1585
MinimumVisualStudioVersion = 10.0.40219.1
Project("{8BC9CEB8-8B4A-11D0-8D11-00A0C91BC942}") = "Class 3", "Class 3\Class 3.vcxproj", "{0EB2C377-268F-484C-9B85-8E78CC8F4701}"
EndProject
Project("{8BC9CEB8-8B4A-11D0-8D11-00A0C91BC942}") = "1003", "1003\1003.vcxproj", "{D5325811-3911-4871-BF5A-72A813EBBF91}"
EndProject
Project("{8BC9CEB8-8B4A-11D0-8D11-00A0C91BC942}") = "1012", "1012\1012.vcxproj", "{2A6C11E6-554F-4687-97BE-24D91A05763B}"
EndProject
Project("{8BC9CEB8-8B4A-11D0-8D11-00A0C91BC942}") = "1074", "1074\1074.vcxproj", "{3151447D-003C-4750-B524-55BDD980AC07}"
EndProject
Project("{8BC9CEB8-8B4A-11D0-8D11-00A0C91BC942}") = "1107", "1107\1107.vcxproj", "{C76F2D85-ACFC-4DE5-A1DB-32ED3BE968C9}"
EndProject
Project("{8BC9CEB8-8B4A-11D0-8D11-00A0C91BC942}") = "1260", "1260\1260.vcxproj", "{DF610A7A-6F76-4B1A-A789-5E2A922CF1DC}"
EndProject
Project("{8BC9CEB8-8B4A-11D0-8D11-00A0C91BC942}") = "1389", "1389\1389.vcxproj", "{FE5CCCE5-AF3C-4AA9-A5AF-673F6820A1EF}"
EndProject
Project("{8BC9CEB8-8B4A-11D0-8D11-00A0C91BC942}") = "1463", "1463\1463.vcxproj", "{3CAD6BBA-EDAD-40FA-9F9D-A0C859F6C354}"
EndProject
Project("{8BC9CEB8-8B4A-11D0-8D11-00A0C91BC942}") = "1541", "1541\1541.vcxproj", "{50A6DF09-6801-4496-9BF1-1D83AFE0DB9D}"
EndProject
Project("{8BC9CEB8-8B4A-11D0-8D11-00A0C91BC942}") = "1620", "1620\1620.vcxproj", "{988CFFE5-AF41-433A-A783-A6E7BF490EB1}"
EndProject
Project("{8BC9CEB8-8B4A-11D0-8D11-00A0C91BC942}") = "1676", "1676\1676.vcxproj", "{31B8EB6E-3412-46C2-A0BD-2B89D9170868}"
EndProject
Project("{8BC9CEB8-8B4A-11D0-8D11-00A0C91BC942}") = "1697", "1697\1697.vcxproj", "{BA88E754-BD32-49A5-9AA3-243E0F3A166E}"
EndProject
Project("{8BC9CEB8-8B4A-11D0-8D11-00A0C91BC942}") = "1764", "1764\1764.vcxproj", "{7F1685A0-6BDD-4FC6-B5BB-D76CB9CC7A39}"
EndProject
Project("{8BC9CEB8-8B4A-11D0-8D11-00A0C91BC942}") = "1780", "1780\1780.vcxproj", "{F5E7D6C8-7C79-4D16-BC5A-079F3EB3D26C}"
EndProject
Project("{8BC9CEB8-8B4A-11D0-8D11-00A0C91BC942}") = "1927", "1927\1927.vcxproj", "{4B917870-48A3-40AB-ABE4-AFB6F5711A29}"
EndProject
Project("{8BC9CEB8-8B4A-11D0-8D11-00A0C91BC942}") = "1931", "1931\1931.vcxproj", "{38A8476B-9556-47AB-961C-5D0A60ECB7D3}"
EndProject
Project("{8BC9CEB8-8B4A-11D0-8D11-00A0C91BC942}") = "1992", "1992\1992.vcxproj", "{F712362F-97CF-451A-A790-523A928B7F51}"
EndProject
Project("{8BC9CEB8-8B4A-11D0-8D11-00A0C91BC942}") = "2178", "2178\2178.vcxproj", "{5CE62763-03FF-4D32-9A10-3992D5C355D7}"
EndProject
Project("{8BC9CEB8-8B4A-11D0-8D11-00A0C91BC942}") = "2579", "2579\2579.vcxproj", "{80108C72-255D-4320-A008-E4796F566269}"
EndProject
Project("{8BC9CEB8-8B4A-11D0-8D11-00A0C91BC942}") = "2606", "2606\2606.vcxproj", "{AC28F46E-B040-4B35-B386-35C93DCCF032}"
EndProject
Project("{8BC9CEB8-8B4A-11D0-8D11-00A0C91BC942}") = "2630", "2630\2630.vcxproj", "{B8AB0219-9256-4060-AD68-AF5DE739FE76}"
EndProject
Project("{8BC9CEB8-8B4A-11D0-8D11-00A0C91BC942}") = "2667", "2667\2667.vcxproj", "{447C1DDB-1AE5-45B1-8468-CF1CE68724AE}"
EndProject
Project("{8BC9CEB8-8B4A-11D0-8D11-00A0C91BC942}") = "5430", "5430\5430.vcxproj", "{863864E5-1A14-463E-B12B-8C56A14703FF}"
EndProject
Project("{8BC9CEB8-8B4A-11D0-8D11-00A0C91BC942}") = "5525", "5525\5525.vcxproj", "{E12A1F42-CA41-44B7-8056-14417885EDA7}"
EndProject
Project("{8BC9CEB8-8B4A-11D0-8D11-00A0C91BC942}") = "6064", "6064\6064.vcxproj", "{9240F0E0-80E2-4C4E-AFDE-95E55F2F7B16}"
EndProject
Project("{8BC9CEB8-8B4A-11D0-8D11-00A0C91BC942}") = "7569", "7569\7569.vcxproj", "{27A8C14B-797B-480F-AC9E-C660F0E2F7C1}"
EndProject
Project("{8BC9CEB8-8B4A-11D0-8D11-00A0C91BC942}") = "7576", "7576\7576.vcxproj", "{DB62A174-9706-4E0B-B666-A34523F21D5F}"
EndProject
Project("{8BC9CEB8-8B4A-11D0-8D11-00A0C91BC942}") = "7662", "7662\7662.vcxproj", "{A231DA2C-EEDE-41D2-81DB-907193415968}"
EndProject
Project("{8BC9CEB8-8B4A-11D0-8D11-00A0C91BC942}") = "9019", "9019\9019.vcxproj", "{390AB4E4-0463-4A56-97D3-0D57F6087D3F}"
EndProject
Project("{8BC9CEB8-8B4A-11D0-8D11-00A0C91BC942}") = "9095", "9095\9095.vcxproj", "{596E4A22-FB4C-4F7F-82F4-D3954EAF5869}"
EndProject
Project("{8BC9CEB8-8B4A-11D0-8D11-00A0C91BC942}") = "9375", "9375\9375.vcxproj", "{331D2C26-C207-48B6-BE0B-BB65AAA203D9}"
EndProject
Project("{8BC9CEB8-8B4A-11D0-8D11-00A0C91BC942}") = "9461", "9461\9461.vcxproj", "{B0FE0A66-5094-4AC8-AF36-F3B83303D8BF}"
EndProject
Project("{8BC9CEB8-8B4A-11D0-8D11-00A0C91BC942}") = "10026", "10026\10026.vcxproj", "{044323AF-C097-4296-A8AE-E0200EEAF0BA}"
EndProject
Project("{8BC9CEB8-8B4A-11D0-8D11-00A0C91BC942}") = "11047", "11047\11047.vcxproj", "{9D912A4D-2098-4DDE-AD8B-AEF6DE45E831}"
EndProject
Project("{8BC9CEB8-8B4A-11D0-8D11-00A0C91BC942}") = "11279", "11279\11279.vcxproj", "{96DA5813-C02C-4636-8499-50A1DDCBD440}"
EndProject
Project("{8BC9CEB8-8B4A-11D0-8D11-00A0C91BC942}") = "11286", "11286\11286.vcxproj", "{9DF2EBE9-831F-4E82-8985-F9E4A5A978E9}"
EndProject
Project("{8BC9CEB8-8B4A-11D0-8D11-00A0C91BC942}") = "11399", "11399\11399.vcxproj", "{125D7964-2AB0-4CC5-84D3-FFF38CD29F18}"
EndProject
Project("{8BC9CEB8-8B4A-11D0-8D11-00A0C91BC942}") = "11403", "11403\11403.vcxproj", "{5DEA7243-ED0B-49B6-97F4-682FE9ABAAFA}"
EndProject
Project("{8BC9CEB8-8B4A-11D0-8D11-00A0C91BC942}") = "11659", "11659\11659.vcxproj", "{D1739338-6232-4F94-A65A-5E64562437F4}"
EndProject
Project("{8BC9CEB8-8B4A-11D0-8D11-00A0C91BC942}") = "11723", "11723\11723.vcxproj", "{F9404D94-4932-4B93-92FD-95829AE0B86A}"
EndProject
Project("{8BC9CEB8-8B4A-11D0-8D11-00A0C91BC942}") = "11724", "11724\11724.vcxproj", "{967B3D6B-DEFC-4A50-ACDA-3D85A0E5935F}"
EndProject
Project("{8BC9CEB8-8B4A-11D0-8D11-00A0C91BC942}") = "11726", "11726\11726.vcxproj", "{AF03756F-5DEC-47C8-A063-19866E8F5B74}"
EndProject
Project("{8BC9CEB8-8B4A-11D0-8D11-00A0C91BC942}") = "11727", "11727\11727.vcxproj", "{0611BF4D-E7D9-442A-9B72-B7AEB1685CD2}"
EndProject
Project("{8BC9CEB8-8B4A-11D0-8D11-00A0C91BC942}") = "14500", "14500\14500.vcxproj", "{A5547175-8AD9-4D7C-B8EE-6B437BFB82E7}"
EndProject
Project("{8BC9CEB8-8B4A-11D0-8D11-00A0C91BC942}") = "16236", "16236\16236.vcxproj", "{8724A524-EF00-42A9-A1C7-62E1DEDB1EA9}"
EndProject
Project("{8BC9CEB8-8B4A-11D0-8D11-00A0C91BC942}") = "16928", "16928\16928.vcxproj", "{231FDD2C-21EE-434F-A675-092A07AF8B1F}"
EndProject
Project("{8BC9CEB8-8B4A-11D0-8D11-00A0C91BC942}") = "17219", "17219\17219.vcxproj", "{77BCCF4D-3D4D-4801-AF44-481FAD796205}"
EndProject
Project("{8BC9CEB8-8B4A-11D0-8D11-00A0C91BC942}") = "17626", "17626\17626.vcxproj", "{7544C7FF-9849-4165-82F5-2BA14A993053}"
EndProject
Project("{8BC9CEB8-8B4A-11D0-8D11-00A0C91BC942}") = "18870", "18870\18870.vcxproj", "{882AC12D-C884-4FA1-8980-40D6EE80CE22}"
EndProject
Global
	GlobalSection(SolutionConfigurationPlatforms) = preSolution
		Debug|x64 = Debug|x64
		Debug|x86 = Debug|x86
		Release|x64 = Release|x64
		Release|x86 = Release|x86
	EndGlobalSection
	GlobalSection(ProjectConfigurationPlatforms) = postSolution
		{0EB2C377-268F-484C-9B85-8E78CC8F4701}.Debug|x64.ActiveCfg = Debug|x64
		{0EB2C377-268F-484C-9B85-8E78CC8F4701}.Debug|x64.Build.0 = Debug|x64
		{0EB2C377-268F-484C-9B85-8E78CC8F4701}.Debug|x86.ActiveCfg = Debug|Win32
		{0EB2C377-268F-484C-9B85-8E78CC8F4701}.Debug|x86.Build.0 = Debug|Win32
		{0EB2C377-268F-484C-9B85-8E78CC8F4701}.Release|x64.ActiveCfg = Release|x64
		{0EB2C377-268F-484C-9B85-8E78CC8F4701}.Release|x64.Build.0 = Release|x64
		{0EB2C377-268F-484C-9B85-8E78CC8F4701}.Release|x86.ActiveCfg = Release|Win32
		{0EB2C377-268F-484C-9B85-8E78CC8F4701}.Release|x86.Build.0 = Release|Win32
		{D5325811-3911-4871-BF5A-72A813EBBF91}.Debug|x64.ActiveCfg = Debug|x64
		{D5325811-3911-4871-BF5A-72A813EBBF91}.Debug|x64.Build.0 = Debug|x64
		{D5325811-3911-4871-BF5A-72A813EBBF91}.Debug|x86.ActiveCfg = Debug|Win32
		{D5325811-3911-4871-BF5A-72A813EBBF91}.Debug|x86.Build.0 = Debug|Win32
		{D5325811-3911-4871-BF5A-72A813EBBF91}.Release|x64.ActiveCfg = Release|x64
		{D5325811-3911-4871-BF5A-72A813EBBF91}.Release|x64.Build.0 = Release|x64
		{D5325811-3911-4871-BF5A-72A813EBBF91}.Release|x86.ActiveCfg = Release|Win32
		{D5325811-3911-4871-BF5A-72A813EBBF91}.Release|x86.Build.0 = Release|Win32
		{2A6C11E6-554F-4687-97BE-24D91A05763B}.Debug|x64.ActiveCfg = Debug|x64
		{2A6C11E6-554F-4687-97BE-24D91A05763B}.Debug|x64.Build.0 = Debug|x64
		{2A6C11E6-554F-4687-97BE-24D91A05763B}.Debug|x86.ActiveCfg = Debug|Win32
		{2A6C11E6-554F-4687-97BE-24D91A05763B}.Debug|x86.Build.0 = Debug|Win32
		{2A6C11E6-554F-4687-97BE-24D91A05763B}.Release|x64.ActiveCfg = Release|x64
		{2A6C11E6-554F-4687-97BE-24D91A05763B}.Release|x64.Build.0 = Release|x64
		{2A6C11E6-554F-4687-97BE-24D91A05763B}.Release|x86.ActiveCfg = Release|Win32
		{2A6C11E6-554F-4687-97BE-24D91A05763B}.Release|x86.Build.0 = Release|Win32
		{3151447D-003C-4750-B524-55BDD980AC07}.Debug|x64.ActiveCfg = Debug|x64
		{3151447D-003C-4750-B524-55BDD980AC07}.Debug|x64.Build.0 = Debug|x64
		{3151447D-003C-4750-B524-55BDD980AC07}.Debug|x86.ActiveCfg = Debug|Win32
		{3151447D-003C-4750-B524-55BDD980AC07}.Debug|x86.Build.0 = Debug|Win32
		{3151447D-003C-4750-B524-55BDD980AC07}.Release|x64.ActiveCfg = Release|x64
		{3151447D-003C-4750-B524-55BDD980AC07}.Release|x64.Build.0 = Release|x64
		{3151447D-003C-4750-B524-55BDD980AC07}.Release|x86.ActiveCfg = Release|Win32
		{3151447D-003C-4750-B524-55BDD980AC07}.Release|x86.Build.0 = Release|Win32
		{C76F2D85-ACFC-4DE5-A1DB-32ED3BE968C9}.Debug|x64.ActiveCfg = Debug|x64
		{C76F2D85-ACFC-4DE5-A1DB-32ED3BE968C9}.Debug|x64.Build.0 = Debug|x64
		{C76F2D85-ACFC-4DE5-A1DB-32ED3BE968C9}.Debug|x86.ActiveCfg = Debug|Win32
		{C76F2D85-ACFC-4DE5-A1DB-32ED3BE968C9}.Debug|x86.Build.0 = Debug|Win32
		{C76F2D85-ACFC-4DE5-A1DB-32ED3BE968C9}.Release|x64.ActiveCfg = Release|x64
		{C76F2D85-ACFC-4DE5-A1DB-32ED3BE968C9}.Release|x64.Build.0 = Release|x64
		{C76F2D85-ACFC-4DE5-A1DB-32ED3BE968C9}.Release|x86.ActiveCfg = Release|Win32
		{C76F2D85-ACFC-4DE5-A1DB-32ED3BE968C9}.Release|x86.Build.0 = Release|Win32
		{DF610A7A-6F76-4B1A-A789-5E2A922CF1DC}.Debug|x64.ActiveCfg = Debug|x64
		{DF610A7A-6F76-4B1A-A789-5E2A922CF1DC}.Debug|x64.Build.0 = Debug|x64
		{DF610A7A-6F76-4B1A-A789-5E2A922CF1DC}.Debug|x86.ActiveCfg = Debug|Win32
		{DF610A7A-6F76-4B1A-A789-5E2A922CF1DC}.Debug|x86.Build.0 = Debug|Win32
		{DF610A7A-6F76-4B1A-A789-5E2A922CF1DC}.Release|x64.ActiveCfg = Release|x64
		{DF610A7A-6F76-4B1A-A789-5E2A922CF1DC}.Release|x64.Build.0 = Release|x64
		{DF610A7A-6F76-4B1A-A789-5E2A922CF1DC}.Release|x86.ActiveCfg = Release|Win32
		{DF610A7A-6F76-4B1A-A789-5E2A922CF1DC}.Release|x86.Build.0 = Release|Win32
		{FE5CCCE5-AF3C-4AA9-A5AF-673F6820A1EF}.Debug|x64.ActiveCfg = Debug|x64
		{FE5CCCE5-AF3C-4AA9-A5AF-673F6820A1EF}.Debug|x64.Build.0 = Debug|x64
		{FE5CCCE5-AF3C-4AA9-A5AF-673F6820A1EF}.Debug|x86.ActiveCfg = Debug|Win32
		{FE5CCCE5-AF3C-4AA9-A5AF-673F6820A1EF}.Debug|x86.Build.0 = Debug|Win32
		{FE5CCCE5-AF3C-4AA9-A5AF-673F6820A1EF}.Release|x64.ActiveCfg = Release|x64
		{FE5CCCE5-AF3C-4AA9-A5AF-673F6820A1EF}.Release|x64.Build.0 = Release|x64
		{FE5CCCE5-AF3C-4AA9-A5AF-673F6820A1EF}.Release|x86.ActiveCfg = Release|Win32
		{FE5CCCE5-AF3C-4AA9-A5AF-673F6820A1EF}.Release|x86.Build.0 = Release|Win32
		{3CAD6BBA-EDAD-40FA-9F9D-A0C859F6C354}.Debug|x64.ActiveCfg = Debug|x64
		{3CAD6BBA-EDAD-40FA-9F9D-A0C859F6C354}.Debug|x64.Build.0 = Debug|x64
		{3CAD6BBA-EDAD-40FA-9F9D-A0C859F6C354}.Debug|x86.ActiveCfg = Debug|Win32
		{3CAD6BBA-EDAD-40FA-9F9D-A0C859F6C354}.Debug|x86.Build.0 = Debug|Win32
		{3CAD6BBA-EDAD-40FA-9F9D-A0C859F6C354}.Release|x64.ActiveCfg = Release|x64
		{3CAD6BBA-EDAD-40FA-9F9D-A0C859F6C354}.Release|x64.Build.0 = Release|x64
		{3CAD6BBA-EDAD-40FA-9F9D-A0C859F6C354}.Release|x86.ActiveCfg = Release|Win32
		{3CAD6BBA-EDAD-40FA-9F9D-A0C859F6C354}.Release|x86.Build.0 = Release|Win32
		{50A6DF09-6801-4496-9BF1-1D83AFE0DB9D}.Debug|x64.ActiveCfg = Debug|x64
		{50A6DF09-6801-4496-9BF1-1D83AFE0DB9D}.Debug|x64.Build.0 = Debug|x64
		{50A6DF09-6801-4496-9BF1-1D83AFE0DB9D}.Debug|x86.ActiveCfg = Debug|Win32
		{50A6DF09-6801-4496-9BF1-1D83AFE0DB9D}.Debug|x86.Build.0 = Debug|Win32
		{50A6DF09-6801-4496-9BF1-1D83AFE0DB9D}.Release|x64.ActiveCfg = Release|x64
		{50A6DF09-6801-4496-9BF1-1D83AFE0DB9D}.Release|x64.Build.0 = Release|x64
		{50A6DF09-6801-4496-9BF1-1D83AFE0DB9D}.Release|x86.ActiveCfg = Release|Win32
		{50A6DF09-6801-4496-9BF1-1D83AFE0DB9D}.Release|x86.Build.0 = Release|Win32
		{988CFFE5-AF41-433A-A783-A6E7BF490EB1}.Debug|x64.ActiveCfg = Debug|x64
		{988CFFE5-AF41-433A-A783-A6E7BF490EB1}.Debug|x64.Build.0 = Debug|x64
		{988CFFE5-AF41-433A-A783-A6E7BF490EB1}.Debug|x86.ActiveCfg = Debug|Win32
		{988CFFE5-AF41-433A-A783-A6E7BF490EB1}.Debug|x86.Build.0 = Debug|Win32
		{988CFFE5-AF41-433A-A783-A6E7BF490EB1}.Release|x64.ActiveCfg = Release|x64
		{988CFFE5-AF41-433A-A783-A6E7BF490EB1}.Release|x64.Build.0 = Release|x64
		{988CFFE5-AF41-433A-A783-A6E7BF490EB1}.Release|x86.ActiveCfg = Release|Win32
		{988CFFE5-AF41-433A-A783-A6E7BF490EB1}.Release|x86.Build.0 = Release|Win32
		{31B8EB6E-3412-46C2-A0BD-2B89D9170868}.Debug|x64.ActiveCfg = Debug|x64
		{31B8EB6E-3412-46C2-A0BD-2B89D9170868}.Debug|x64.Build.0 = Debug|x64
		{31B8EB6E-3412-46C2-A0BD-2B89D9170868}.Debug|x86.ActiveCfg = Debug|Win32
		{31B8EB6E-3412-46C2-A0BD-2B89D9170868}.Debug|x86.Build.0 = Debug|Win32
		{31B8EB6E-3412-46C2-A0BD-2B89D9170868}.Release|x64.ActiveCfg = Release|x64
		{31B8EB6E-3412-46C2-A0BD-2B89D9170868}.Release|x64.Build.0 = Release|x64
		{31B8EB6E-3412-46C2-A0BD-2B89D9170868}.Release|x86.ActiveCfg = Release|Win32
		{31B8EB6E-3412-46C2-A0BD-2B89D9170868}.Release|x86.Build.0 = Release|Win32
		{BA88E754-BD32-49A5-9AA3-243E0F3A166E}.Debug|x64.ActiveCfg = Debug|x64
		{BA88E754-BD32-49A5-9AA3-243E0F3A166E}.Debug|x64.Build.0 = Debug|x64
		{BA88E754-BD32-49A5-9AA3-243E0F3A166E}.Debug|x86.ActiveCfg = Debug|Win32
		{BA88E754-BD32-49A5-9AA3-243E0F3A166E}.Debug|x86.Build.0 = Debug|Win32
		{BA88E754-BD32-49A5-9AA3-243E0F3A166E}.Release|x64.ActiveCfg = Release|x64
		{BA88E754-BD32-49A5-9AA3-243E0F3A166E}.Release|x64.Build.0 = Release|x64
		{BA88E754-BD32-49A5-9AA3-243E0F3A166E}.Release|x86.ActiveCfg = Release|Win32
		{BA88E754-BD32-49A5-9AA3-243E0F3A166E}.Release|x86.Build.0 = Release|Win32
		{7F1685A0-6BDD-4FC6-B5BB-D76CB9CC7A39}.Debug|x64.ActiveCfg = Debug|x64
		{7F1685A0-6BDD-4FC6-B5BB-D76CB9CC7A39}.Debug|x64.Build.0 = Debug|x64
		{7F1685A0-6BDD-4FC6-B5BB-D76CB9CC7A39}.Debug|x86.ActiveCfg = Debug|Win32
		{7F1685A0-6BDD-4FC6-B5BB-D76CB9CC7A39}.Debug|x86.Build.0 = Debug|Win32
		{7F1685A0-6BDD-4FC6-B5BB-D76CB9CC7A39}.Release|x64.ActiveCfg = Release|x64
		{7F1685A0-6BDD-4FC6-B5BB-D76CB9CC7A39}.Release|x64.Build.0 = Release|x64
		{7F1685A0-6BDD-4FC6-B5BB-D76CB9CC7A39}.Release|x86.ActiveCfg = Release|Win32
		{7F1685A0-6BDD-4FC6-B5BB-D76CB9CC7A39}.Release|x86.Build.0 = Release|Win32
		{F5E7D6C8-7C79-4D16-BC5A-079F3EB3D26C}.Debug|x64.ActiveCfg = Debug|x64
		{F5E7D6C8-7C79-4D16-BC5A-079F3EB3D26C}.Debug|x64.Build.0 = Debug|x64
		{F5E7D6C8-7C79-4D16-BC5A-079F3EB3D26C}.Debug|x86.ActiveCfg = Debug|Win32
		{F5E7D6C8-7C79-4D16-BC5A-079F3EB3D26C}.Debug|x86.Build.0 = Debug|Win32
		{F5E7D6C8-7C79-4D16-BC5A-079F3EB3D26C}.Release|x64.ActiveCfg = Release|x64
		{F5E7D6C8-7C79-4D16-BC5A-079F3EB3D26C}.Release|x64.Build.0 = Release|x64
		{F5E7D6C8-7C79-4D16-BC5A-079F3EB3D26C}.Release|x86.ActiveCfg = Release|Win32
		{F5E7D6C8-7C79-4D16-BC5A-079F3EB3D26C}.Release|x86.Build.0 = Release|Win32
		{4B917870-48A3-40AB-ABE4-AFB6F5711A29}.Debug|x64.ActiveCfg = Debug|x64
		{4B917870-48A3-40AB-ABE4-AFB6F5711A29}.Debug|x64.Build.0 = Debug|x64
		{4B917870-48A3-40AB-ABE4-AFB6F5711A29}.Debug|x86.ActiveCfg = Debug|Win32
		{4B917870-48A3-40AB-ABE4-AFB6F5711A29}.Debug|x86.Build.0 = Debug|Win32
		{4B917870-48A3-40AB-ABE4-AFB6F5711A29}.Release|x64.ActiveCfg = Release|x64
		{4B917870-48A3-40AB-ABE4-AFB6F5711A29}.Release|x64.Build.0 = Release|x64
		{4B917870-48A3-40AB-ABE4-AFB6F5711A29}.Release|x86.ActiveCfg = Release|Win32
		{4B917870-48A3-40AB-ABE4-AFB6F5711A29}.Release|x86.Build.0 = Release|Win32
		{38A8476B-9556-47AB-961C-5D0A60ECB7D3}.Debug|x64.ActiveCfg = Debug|x64
		{38A8476B-9556-47AB-961C-5D0A60ECB7D3}.Debug|x64.Build.0 = Debug|x64
		{38A8476B-9556-47AB-961C-5D0A60ECB7D3}.Debug|x86.ActiveCfg = Debug|Win32
		{38A8476B-9556-47AB-961C-5D0A60ECB7D3}.Debug|x86.Build.0 = Debug|Win32
		{38A8476B-9556-47AB-961C-5D0A60ECB7D3}.Release|x64.ActiveCfg = Release|x64
		{38A8476B-9556-47AB-961C-5D0A60ECB7D3}.Release|x64.Build.0 = Release|x64
		{38A8476B-9556-47AB-961C-5D0A60ECB7D3}.Release|x86.ActiveCfg = Release|Win32
		{38A8476B-9556-47AB-961C-5D0A60ECB7D3}.Release|x86.Build.0 = Release|Win32
		{F712362F-97CF-451A-A790-523A928B7F51}.Debug|x64.ActiveCfg = Debug|x64
		{F712362F-97CF-451A-A790-523A928B7F51}.Debug|x64.Build.0 = Debug|x64
		{F712362F-97CF-451A-A790-523A928B7F51}.Debug|x86.ActiveCfg = Debug|Win32
		{F712362F-97CF-451A-A790-523A928B7F51}.Debug|x86.Build.0 = Debug|Win32
		{F712362F-97CF-451A-A790-523A928B7F51}.Release|x64.ActiveCfg = Release|x64
		{F712362F-97CF-451A-A790-523A928B7F51}.Release|x64.Build.0 = Release|x64
		{F712362F-97CF-451A-A790-523A928B7F51}.Release|x86.ActiveCfg = Release|Win32
		{F712362F-97CF-451A-A790-523A928B7F51}.Release|x86.Build.0 = Release|Win32
		{5CE62763-03FF-4D32-9A10-3992D5C355D7}.Debug|x64.ActiveCfg = Debug|x64
		{5CE62763-03FF-4D32-9A10-3992D5C355D7}.Debug|x64.Build.0 = Debug|x64
		{5CE62763-03FF-4D32-9A10-3992D5C355D7}.Debug|x86.ActiveCfg = Debug|Win32
		{5CE62763-03FF-4D32-9A10-3992D5C355D7}.Debug|x86.Build.0 = Debug|Win32
		{5CE62763-03FF-4D32-9A10-3992D5C355D7}.Release|x64.ActiveCfg = Release|x64
		{5CE62763-03FF-4D32-9A10-3992D5C355D7}.Release|x64.Build.0 = Release|x64
		{5CE62763-03FF-4D32-9A10-3992D5C355D7}.Release|x86.ActiveCfg = Release|Win32
		{5CE62763-03FF-4D32-9A10-3992D5C355D7}.Release|x86.Build.0 = Release|Win32
		{80108C72-255D-4320-A008-E4796F566269}.Debug|x64.ActiveCfg = Debug|x64
		{80108C72-255D-4320-A008-E4796F566269}.Debug|x64.Build.0 = Debug|x64
		{80108C72-255D-4320-A008-E4796F566269}.Debug|x86.ActiveCfg = Debug|Win32
		{80108C72-255D-4320-A008-E4796F566269}.Debug|x86.Build.0 = Debug|Win32
		{80108C72-255D-4320-A008-E4796F566269}.Release|x64.ActiveCfg = Release|x64
		{80108C72-255D-4320-A008-E4796F566269}.Release|x64.Build.0 = Release|x64
		{80108C72-255D-4320-A008-E4796F566269}.Release|x86.ActiveCfg = Release|Win32
		{80108C72-255D-4320-A008-E4796F566269}.Release|x86.Build.0 = Release|Win32
		{AC28F46E-B040-4B35-B386-35C93DCCF032}.Debug|x64.ActiveCfg = Debug|x64
		{AC28F46E-B040-4B35-B386-35C93DCCF032}.Debug|x64.Build.0 = Debug|x64
		{AC28F46E-B040-4B35-B386-35C93DCCF032}.Debug|x86.ActiveCfg = Debug|Win32
		{AC28F46E-B040-4B35-B386-35C93DCCF032}.Debug|x86.Build.0 = Debug|Win32
		{AC28F46E-B040-4B35-B386-35C93DCCF032}.Release|x64.ActiveCfg = Release|x64
		{AC28F46E-B040-4B35-B386-35C93DCCF032}.Release|x64.Build.0 = Release|x64
		{AC28F46E-B040-4B35-B386-35C93DCCF032}.Release|x86.ActiveCfg = Release|Win32
		{AC28F46E-B040-4B35-B386-35C93DCCF032}.Release|x86.Build.0 = Release|Win32
		{B8AB0219-9256-4060-AD68-AF5DE739FE76}.Debug|x64.ActiveCfg = Debug|x64
		{B8AB0219-9256-4060-AD68-AF5DE739FE76}.Debug|x64.Build.0 = Debug|x64
		{B8AB0219-9256-4060-AD68-AF5DE739FE76}.Debug|x86.ActiveCfg = Debug|Win32
		{B8AB0219-9256-4060-AD68-AF5DE739FE76}.Debug|x86.Build.0 = Debug|Win32
		{B8AB0219-9256-4060-AD68-AF5DE739FE76}.Release|x64.ActiveCfg = Release|x64
		{B8AB0219-9256-4060-AD68-AF5DE739FE76}.Release|x64.Build.0 = Release|x64
		{B8AB0219-9256-4060-AD68-AF5DE739FE76}.Release|x86.ActiveCfg = Release|Win32
		{B8AB0219-9256-4060-AD68-AF5DE739FE76}.Release|x86.Build.0 = Release|Win32
		{447C1DDB-1AE5-45B1-8468-CF1CE68724AE}.Debug|x64.ActiveCfg = Debug|x64
		{447C1DDB-1AE5-45B1-8468-CF1CE68724AE}.Debug|x64.Build.0 = Debug|x64
		{447C1DDB-1AE5-45B1-8468-CF1CE68724AE}.Debug|x86.ActiveCfg = Debug|Win32
		{447C1DDB-1AE5-45B1-8468-CF1CE68724AE}.Debug|x86.Build.0 = Debug|Win32
		{447C1DDB-1AE5-45B1-8468-CF1CE68724AE}.Release|x64.ActiveCfg = Release|x64
		{447C1DDB-1AE5-45B1-8468-CF1CE68724AE}.Release|x64.Build.0 = Release|x64
		{447C1DDB-1AE5-45B1-8468-CF1CE68724AE}.Release|x86.ActiveCfg = Release|Win32
		{447C1DDB-1AE5-45B1-8468-CF1CE68724AE}.Release|x86.Build.0 = Release|Win32
		{863864E5-1A14-463E-B12B-8C56A14703FF}.Debug|x64.ActiveCfg = Debug|x64
		{863864E5-1A14-463E-B12B-8C56A14703FF}.Debug|x64.Build.0 = Debug|x64
		{863864E5-1A14-463E-B12B-8C56A14703FF}.Debug|x86.ActiveCfg = Debug|Win32
		{863864E5-1A14-463E-B12B-8C56A14703FF}.Debug|x86.Build.0 = Debug|Win32
		{863864E5-1A14-463E-B12B-8C56A14703FF}.Release|x64.ActiveCfg = Release|x64
		{863864E5-1A14-463E-B12B-8C56A14703FF}.Release|x64.Build.0 = Release|x64
		{863864E5-1A14-463E-B12B-8C56A14703FF}.Release|x86.ActiveCfg = Release|Win32
		{863864E5-1A14-463E-B12B-8C56A14703FF}.Release|x86.Build.0 = Release|Win32
		{E12A1F42-CA41-44B7-8056-14417885EDA7}.Debug|x64.ActiveCfg = Debug|x64
		{E12A1F42-CA41-44B7-8056-14417885EDA7}.Debug|x64.Build.0 = Debug|x64
		{E12A1F42-CA41-44B7-8056-14417885EDA7}.Debug|x86.ActiveCfg = Debug|Win32
		{E12A1F42-CA41-44B7-8056-14417885EDA7}.Debug|x86.Build.0 = Debug|Win32
		{E12A1F42-CA41-44B7-8056-14417885EDA7}.Release|x64.ActiveCfg = Release|x64
		{E12A1F42-CA41-44B7-8056-14417885EDA7}.Release|x64.Build.0 = Release|x64
		{E12A1F42-CA41-44B7-8056-14417885EDA7}.Release|x86.ActiveCfg = Release|Win32
		{E12A1F42-CA41-44B7-8056-14417885EDA7}.Release|x86.Build.0 = Release|Win32
		{9240F0E0-80E2-4C4E-AFDE-95E55F2F7B16}.Debug|x64.ActiveCfg = Debug|x64
		{9240F0E0-80E2-4C4E-AFDE-95E55F2F7B16}.Debug|x64.Build.0 = Debug|x64
		{9240F0E0-80E2-4C4E-AFDE-95E55F2F7B16}.Debug|x86.ActiveCfg = Debug|Win32
		{9240F0E0-80E2-4C4E-AFDE-95E55F2F7B16}.Debug|x86.Build.0 = Debug|Win32
		{9240F0E0-80E2-4C4E-AFDE-95E55F2F7B16}.Release|x64.ActiveCfg = Release|x64
		{9240F0E0-80E2-4C4E-AFDE-95E55F2F7B16}.Release|x64.Build.0 = Release|x64
		{9240F0E0-80E2-4C4E-AFDE-95E55F2F7B16}.Release|x86.ActiveCfg = Release|Win32
		{9240F0E0-80E2-4C4E-AFDE-95E55F2F7B16}.Release|x86.Build.0 = Release|Win32
		{27A8C14B-797B-480F-AC9E-C660F0E2F7C1}.Debug|x64.ActiveCfg = Debug|x64
		{27A8C14B-797B-480F-AC9E-C660F0E2F7C1}.Debug|x64.Build.0 = Debug|x64
		{27A8C14B-797B-480F-AC9E-C660F0E2F7C1}.Debug|x86.ActiveCfg = Debug|Win32
		{27A8C14B-797B-480F-AC9E-C660F0E2F7C1}.Debug|x86.Build.0 = Debug|Win32
		{27A8C14B-797B-480F-AC9E-C660F0E2F7C1}.Release|x64.ActiveCfg = Release|x64
		{27A8C14B-797B-480F-AC9E-C660F0E2F7C1}.Release|x64.Build.0 = Release|x64
		{27A8C14B-797B-480F-AC9E-C660F0E2F7C1}.Release|x86.ActiveCfg = Release|Win32
		{27A8C14B-797B-480F-AC9E-C660F0E2F7C1}.Release|x86.Build.0 = Release|Win32
		{DB62A174-9706-4E0B-B666-A34523F21D5F}.Debug|x64.ActiveCfg = Debug|x64
		{DB62A174-9706-4E0B-B666-A34523F21D5F}.Debug|x64.Build.0 = Debug|x64
		{DB62A174-9706-4E0B-B666-A34523F21D5F}.Debug|x86.ActiveCfg = Debug|Win32
		{DB62A174-9706-4E0B-B666-A34523F21D5F}.Debug|x86.Build.0 = Debug|Win32
		{DB62A174-9706-4E0B-B666-A34523F21D5F}.Release|x64.ActiveCfg = Release|x64
		{DB62A174-9706-4E0B-B666-A34523F21D5F}.Release|x64.Build.0 = Release|x64
		{DB62A174-9706-4E0B-B666-A34523F21D5F}.Release|x86.ActiveCfg = Release|Win32
		{DB62A174-9706-4E0B-B666-A34523F21D5F}.Release|x86.Build.0 = Release|Win32
		{A231DA2C-EEDE-41D2-81DB-907193415968}.Debug|x64.ActiveCfg = Debug|x64
		{A231DA2C-EEDE-41D2-81DB-907193415968}.Debug|x64.Build.0 = Debug|x64
		{A231DA2C-EEDE-41D2-81DB-907193415968}.Debug|x86.ActiveCfg = Debug|Win32
		{A231DA2C-EEDE-41D2-81DB-907193415968}.Debug|x86.Build.0 = Debug|Win32
		{A231DA2C-EEDE-41D2-81DB-907193415968}.Release|x64.ActiveCfg = Release|x64
		{A231DA2C-EEDE-41D2-81DB-907193415968}.Release|x64.Build.0 = Release|x64
		{A231DA2C-EEDE-41D2-81DB-907193415968}.Release|x86.ActiveCfg = Release|Win32
		{A231DA2C-EEDE-41D2-81DB-907193415968}.Release|x86.Build.0 = Release|Win32
		{390AB4E4-0463-4A56-97D3-0D57F6087D3F}.Debug|x64.ActiveCfg = Debug|x64
		{390AB4E4-0463-4A56-97D3-0D57F6087D3F}.Debug|x64.Build.0 = Debug|x64
		{390AB4E4-0463-4A56-97D3-0D57F6087D3F}.Debug|x86.ActiveCfg = Debug|Win32
		{390AB4E4-0463-4A56-97D3-0D57F6087D3F}.Debug|x86.Build.0 = Debug|Win32
		{390AB4E4-0463-4A56-97D3-0D57F6087D3F}.Release|x64.ActiveCfg = Release|x64
		{390AB4E4-0463-4A56-97D3-0D57F6087D3F}.Release|x64.Build.0 = Release|x64
		{390AB4E4-0463-4A56-97D3-0D57F6087D3F}.Release|x86.ActiveCfg = Release|Win32
		{390AB4E4-0463-4A56-97D3-0D57F6087D3F}.Release|x86.Build.0 = Release|Win32
		{596E4A22-FB4C-4F7F-82F4-D3954EAF5869}.Debug|x64.ActiveCfg = Debug|x64
		{596E4A22-FB4C-4F7F-82F4-D3954EAF5869}.Debug|x64.Build.0 = Debug|x64
		{596E4A22-FB4C-4F7F-82F4-D3954EAF5869}.Debug|x86.ActiveCfg = Debug|Win32
		{596E4A22-FB4C-4F7F-82F4-D3954EAF5869}.Debug|x86.Build.0 = Debug|Win32
		{596E4A22-FB4C-4F7F-82F4-D3954EAF5869}.Release|x64.ActiveCfg = Release|x64
		{596E4A22-FB4C-4F7F-82F4-D3954EAF5869}.Release|x64.Build.0 = Release|x64
		{596E4A22-FB4C-4F7F-82F4-D3954EAF5869}.Release|x86.ActiveCfg = Release|Win32
		{596E4A22-FB4C-4F7F-82F4-D3954EAF5869}.Release|x86.Build.0 = Release|Win32
		{331D2C26-C207-48B6-BE0B-BB65AAA203D9}.Debug|x64.ActiveCfg = Debug|x64
		{331D2C26-C207-48B6-BE0B-BB65AAA203D9}.Debug|x64.Build.0 = Debug|x64
		{331D2C26-C207-48B6-BE0B-BB65AAA203D9}.Debug|x86.ActiveCfg = Debug|Win32
		{331D2C26-C207-48B6-BE0B-BB65AAA203D9}.Debug|x86.Build.0 = Debug|Win32
		{331D2C26-C207-48B6-BE0B-BB65AAA203D9}.Release|x64.ActiveCfg = Release|x64
		{331D2C26-C207-48B6-BE0B-BB65AAA203D9}.Release|x64.Build.0 = Release|x64
		{331D2C26-C207-48B6-BE0B-BB65AAA203D9}.Release|x86.ActiveCfg = Release|Win32
		{331D2C26-C207-48B6-BE0B-BB65AAA203D9}.Release|x86.Build.0 = Release|Win32
		{B0FE0A66-5094-4AC8-AF36-F3B83303D8BF}.Debug|x64.ActiveCfg = Debug|x64
		{B0FE0A66-5094-4AC8-AF36-F3B83303D8BF}.Debug|x64.Build.0 = Debug|x64
		{B0FE0A66-5094-4AC8-AF36-F3B83303D8BF}.Debug|x86.ActiveCfg = Debug|Win32
		{B0FE0A66-5094-4AC8-AF36-F3B83303D8BF}.Debug|x86.Build.0 = Debug|Win32
		{B0FE0A66-5094-4AC8-AF36-F3B83303D8BF}.Release|x64.ActiveCfg = Release|x64
		{B0FE0A66-5094-4AC8-AF36-F3B83303D8BF}.Release|x64.Build.0 = Release|x64
		{B0FE0A66-5094-4AC8-AF36-F3B83303D8BF}.Release|x86.ActiveCfg = Release|Win32
		{B0FE0A66-5094-4AC8-AF36-F3B83303D8BF}.Release|x86.Build.0 = Release|Win32
		{044323AF-C097-4296-A8AE-E0200EEAF0BA}.Debug|x64.ActiveCfg = Debug|x64
		{044323AF-C097-4296-A8AE-E0200EEAF0BA}.Debug|x64.Build.0 = Debug|x64
		{044323AF-C097-4296-A8AE-E0200EEAF0BA}.Debug|x86.ActiveCfg = Debug|Win32
		{044323AF-C097-4296-A8AE-E0200EEAF0BA}.Debug|x86.Build.0 = Debug|Win32
		{044323AF-C097-4296-A8AE-E0200EEAF0BA}.Release|x64.ActiveCfg = Release|x64
		{044323AF-C097-4296-A8AE-E0200EEAF0BA}.Release|x64.Build.0 = Release|x64
		{044323AF-C097-4296-A8AE-E0200EEAF0BA}.Release|x86.ActiveCfg = Release|Win32
		{044323AF-C097-4296-A8AE-E0200EEAF0BA}.Release|x86.Build.0 = Release|Win32
		{9D912A4D-2098-4DDE-AD8B-AEF6DE45E831}.Debug|x64.ActiveCfg = Debug|x64
		{9D912A4D-2098-4DDE-AD8B-AEF6DE45E831}.Debug|x64.Build.0 = Debug|x64
		{9D912A4D-2098-4DDE-AD8B-AEF6DE45E831}.Debug|x86.ActiveCfg = Debug|Win32
		{9D912A4D-2098-4DDE-AD8B-AEF6DE45E831}.Debug|x86.Build.0 = Debug|Win32
		{9D912A4D-2098-4DDE-AD8B-AEF6DE45E831}.Release|x64.ActiveCfg = Release|x64
		{9D912A4D-2098-4DDE-AD8B-AEF6DE45E831}.Release|x64.Build.0 = Release|x64
		{9D912A4D-2098-4DDE-AD8B-AEF6DE45E831}.Release|x86.ActiveCfg = Release|Win32
		{9D912A4D-2098-4DDE-AD8B-AEF6DE45E831}.Release|x86.Build.0 = Release|Win32
		{96DA5813-C02C-4636-8499-50A1DDCBD440}.Debug|x64.ActiveCfg = Debug|x64
		{96DA5813-C02C-4636-8499-50A1DDCBD440}.Debug|x64.Build.0 = Debug|x64
		{96DA5813-C02C-4636-8499-50A1DDCBD440}.Debug|x86.ActiveCfg = Debug|Win32
		{96DA5813-C02C-4636-8499-50A1DDCBD440}.Debug|x86.Build.0 = Debug|Win32
		{96DA5813-C02C-4636-8499-50A1DDCBD440}.Release|x64.ActiveCfg = Release|x64
		{96DA5813-C02C-4636-8499-50A1DDCBD440}.Release|x64.Build.0 = Release|x64
		{96DA5813-C02C-4636-8499-50A1DDCBD440}.Release|x86.ActiveCfg = Release|Win32
		{96DA5813-C02C-4636-8499-50A1DDCBD440}.Release|x86.Build.0 = Release|Win32
		{9DF2EBE9-831F-4E82-8985-F9E4A5A978E9}.Debug|x64.ActiveCfg = Debug|x64
		{9DF2EBE9-831F-4E82-8985-F9E4A5A978E9}.Debug|x64.Build.0 = Debug|x64
		{9DF2EBE9-831F-4E82-8985-F9E4A5A978E9}.Debug|x86.ActiveCfg = Debug|Win32
		{9DF2EBE9-831F-4E82-8985-F9E4A5A978E9}.Debug|x86.Build.0 = Debug|Win32
		{9DF2EBE9-831F-4E82-8985-F9E4A5A978E9}.Release|x64.ActiveCfg = Release|x64
		{9DF2EBE9-831F-4E82-8985-F9E4A5A978E9}.Release|x64.Build.0 = Release|x64
		{9DF2EBE9-831F-4E82-8985-F9E4A5A978E9}.Release|x86.ActiveCfg = Release|Win32
		{9DF2EBE9-831F-4E82-8985-F9E4A5A978E9}.Release|x86.Build.0 = Release|Win32
		{125D7964-2AB0-4CC5-84D3-FFF38CD29F18}.Debug|x64.ActiveCfg = Debug|x64
		{125D7964-2AB0-4CC5-84D3-FFF38CD29F18}.Debug|x64.Build.0 = Debug|x64
		{125D7964-2AB0-4CC5-84D3-FFF38CD29F18}.Debug|x86.ActiveCfg = Debug|Win32
		{125D7964-2AB0-4CC5-84D3-FFF38CD29F18}.Debug|x86.Build.0 = Debug|Win32
		{125D7964-2AB0-4CC5-84D3-FFF38CD29F18}.Release|x64.ActiveCfg = Release|x64
		{125D7964-2AB0-4CC5-84D3-FFF38CD29F18}.Release|x64.Build.0 = Release|x64
		{125D7964-2AB0-4CC5-84D3-FFF38CD29F18}.Release|x86.ActiveCfg = Release|Win32
		{125D7964-2AB0-4CC5-84D3-FFF38CD29F18}.Release|x86.Build.0 = Release|Win32
		{5DEA7243-ED0B-49B6-97F4-682FE9ABAAFA}.Debug|x64.ActiveCfg = Debug|x64
		{5DEA7243-ED0B-49B6-97F4-682FE9ABAAFA}.Debug|x64.Build.0 = Debug|x64
		{5DEA7243-ED0B-49B6-97F4-682FE9ABAAFA}.Debug|x86.ActiveCfg = Debug|Win32
		{5DEA7243-ED0B-49B6-97F4-682FE9ABAAFA}.Debug|x86.Build.0 = Debug|Win32
		{5DEA7243-ED0B-49B6-97F4-682FE9ABAAFA}.Release|x64.ActiveCfg = Release|x64
		{5DEA7243-ED0B-49B6-97F4-682FE9ABAAFA}.Release|x64.Build.0 = Release|x64
		{5DEA7243-ED0B-49B6-97F4-682FE9ABAAFA}.Release|x86.ActiveCfg = Release|Win32
		{5DEA7243-ED0B-49B6-97F4-682FE9ABAAFA}.Release|x86.Build.0 = Release|Win32
		{D1739338-6232-4F94-A65A-5E64562437F4}.Debug|x64.ActiveCfg = Debug|x64
		{D1739338-6232-4F94-A65A-5E64562437F4}.Debug|x64.Build.0 = Debug|x64
		{D1739338-6232-4F94-A65A-5E64562437F4}.Debug|x86.ActiveCfg = Debug|Win32
		{D1739338-6232-4F94-A65A-5E64562437F4}.Debug|x86.Build.0 = Debug|Win32
		{D1739338-6232-4F94-A65A-5E64562437F4}.Release|x64.ActiveCfg = Release|x64
		{D1739338-6232-4F94-A65A-5E64562437F4}.Release|x64.Build.0 = Release|x64
		{D1739338-6232-4F94-A65A-5E64562437F4}.Release|x86.ActiveCfg = Release|Win32
		{D1739338-6232-4F94-A65A-5E64562437F4}.Release|x86.Build.0 = Release|Win32
		{F9404D94-4932-4B93-92FD-95829AE0B86A}.Debug|x64.ActiveCfg = Debug|x64
		{F9404D94-4932-4B93-92FD-95829AE0B86A}.Debug|x64.Build.0 = Debug|x64
		{F9404D94-4932-4B93-92FD-95829AE0B86A}.Debug|x86.ActiveCfg = Debug|Win32
		{F9404D94-4932-4B93-92FD-95829AE0B86A}.Debug|x86.Build.0 = Debug|Win32
		{F9404D94-4932-4B93-92FD-95829AE0B86A}.Release|x64.ActiveCfg = Release|x64
		{F9404D94-4932-4B93-92FD-95829AE0B86A}.Release|x64.Build.0 = Release|x64
		{F9404D94-4932-4B93-92FD-95829AE0B86A}.Release|x86.ActiveCfg = Release|Win32
		{F9404D94-4932-4B93-92FD-95829AE0B86A}.Release|x86.Build.0 = Release|Win32
		{967B3D6B-DEFC-4A50-ACDA-3D85A0E5935F}.Debug|x64.ActiveCfg = Debug|x64
		{967B3D6B-DEFC-4A50-ACDA-3D85A0E5935F}.Debug|x64.Build.0 = Debug|x64
		{967B3D6B-DEFC-4A50-ACDA-3D85A0E5935F}.Debug|x86.ActiveCfg = Debug|Win32
		{967B3D6B-DEFC-4A50-ACDA-3D85A0E5935F}.Debug|x86.Build.0 = Debug|Win32
		{967B3D6B-DEFC-4A50-ACDA-3D85A0E5935F}.Release|x64.ActiveCfg = Release|x64
		{967B3D6B-DEFC-4A50-ACDA-3D85A0E5935F}.Release|x64.Build.0 = Release|x64
		{967B3D6B-DEFC-4A50-ACDA-3D85A0E5935F}.Release|x86.ActiveCfg = Release|Win32
		{967B3D6B-DEFC-4A50-ACDA-3D85A0E5935F}.Release|x86.Build.0 = Release|Win32
		{AF03756F-5DEC-47C8-A063-19866E8F5B74}.Debug|x64.ActiveCfg = Debug|x64
		{AF03756F-5DEC-47C8-A063-19866E8F5B74}.Debug|x64.Build.0 = Debug|x64
		{AF03756F-5DEC-47C8-A063-19866E8F5B74}.Debug|x86.ActiveCfg = Debug|Win32
		{AF03756F-5DEC-47C8-A063-19866E8F5B74}.Debug|x86.Build.0 = Debug|Win32
		{AF03756F-5DEC-47C8-A063-19866E8F5B74}.Release|x64.ActiveCfg = Release|x64
		{AF03756F-5DEC-47C8-A063-19866E8F5B74}.Release|x64.Build.0 = Release|x64
		{AF03756F-5DEC-47C8-A063-19866E8F5B74}.Release|x86.ActiveCfg = Release|Win32
		{AF03756F-5DEC-47C8-A063-19866E8F5B74}.Release|x86.Build.0 = Release|Win32
		{0611BF4D-E7D9-442A-9B72-B7AEB1685CD2}.Debug|x64.ActiveCfg = Debug|x64
		{0611BF4D-E7D9-442A-9B72-B7AEB1685CD2}.Debug|x64.Build.0 = Debug|x64
		{0611BF4D-E7D9-442A-9B72-B7AEB1685CD2}.Debug|x86.ActiveCfg = Debug|Win32
		{0611BF4D-E7D9-442A-9B72-B7AEB1685CD2}.Debug|x86.Build.0 = Debug|Win32
		{0611BF4D-E7D9-442A-9B72-B7AEB1685CD2}.Release|x64.ActiveCfg = Release|x64
		{0611BF4D-E7D9-442A-9B72-B7AEB1685CD2}.Release|x64.Build.0 = Release|x64
		{0611BF4D-E7D9-442A-9B72-B7AEB1685CD2}.Release|x86.ActiveCfg = Release|Win32
		{0611BF4D-E7D9-442A-9B72-B7AEB1685CD2}.Release|x86.Build.0 = Release|Win32
		{A5547175-8AD9-4D7C-B8EE-6B437BFB82E7}.Debug|x64.ActiveCfg = Debug|x64
		{A5547175-8AD9-4D7C-B8EE-6B437BFB82E7}.Debug|x64.Build.0 = Debug|x64
		{A5547175-8AD9-4D7C-B8EE-6B437BFB82E7}.Debug|x86.ActiveCfg = Debug|Win32
		{A5547175-8AD9-4D7C-B8EE-6B437BFB82E7}.Debug|x86.Build.0 = Debug|Win32
		{A5547175-8AD9-4D7C-B8EE-6B437BFB82E7}.Release|x64.ActiveCfg = Release|x64
		{A5547175-8AD9-4D7C-B8EE-6B437BFB82E7}.Release|x64.Build.0 = Release|x64
		{A5547175-8AD9-4D7C-B8EE-6B437BFB82E7}.Release|x86.ActiveCfg = Release|Win32
		{A5547175-8AD9-4D7C-B8EE-6B437BFB82E7}.Release|x86.Build.0 = Release|Win32
		{8724A524-EF00-42A9-A1C7-62E1DEDB1EA9}.Debug|x64.ActiveCfg = Debug|x64
		{8724A524-EF00-42A9-A1C7-62E1DEDB1EA9}.Debug|x64.Build.0 = Debug|x64
		{8724A524-EF00-42A9-A1C7-62E1DEDB1EA9}.Debug|x86.ActiveCfg = Debug|Win32
		{8724A524-EF00-42A9-A1C7-62E1DEDB1EA9}.Debug|x86.Build.0 = Debug|Win32
		{8724A524-EF00-42A9-A1C7-62E1DEDB1EA9}.Release|x64.ActiveCfg = Release|x64
		{8724A524-EF00-42A9-A1C7-62E1DEDB1EA9}.Release|x64.Build.0 = Release|x64
		{8724A524-EF00-42A9-A1C7-62E1DEDB1EA9}.Release|x86.ActiveCfg = Release|Win32
		{8724A524-EF00-42A9-A1C7-62E1DEDB1EA9}.Release|x86.Build.0 = Release|Win32
		{231FDD2C-21EE-434F-A675-092A07AF8B1F}.Debug|x64.ActiveCfg = Debug|x64
		{231FDD2C-21EE-434F-A675-092A07AF8B1F}.Debug|x64.Build.0 = Debug|x64
		{231FDD2C-21EE-434F-A675-092A07AF8B1F}.Debug|x86.ActiveCfg = Debug|Win32
		{231FDD2C-21EE-434F-A675-092A07AF8B1F}.Debug|x86.Build.0 = Debug|Win32
		{231FDD2C-21EE-434F-A675-092A07AF8B1F}.Release|x64.ActiveCfg = Release|x64
		{231FDD2C-21EE-434F-A675-092A07AF8B1F}.Release|x64.Build.0 = Release|x64
		{231FDD2C-21EE-434F-A675-092A07AF8B1F}.Release|x86.ActiveCfg = Release|Win32
		{231FDD2C-21EE-434F-A675-092A07AF8B1F}.Release|x86.Build.0 = Release|Win32
		{77BCCF4D-3D4D-4801-AF44-481FAD796205}.Debug|x64.ActiveCfg = Debug|x64
		{77BCCF4D-3D4D-4801-AF44-481FAD796205}.Debug|x64.Build.0 = Debug|x64
		{77BCCF4D-3D4D-4801-AF44-481FAD796205}.Debug|x86.ActiveCfg = Debug|Win32
		{77BCCF4D-3D4D-4801-AF44-481FAD796205}.Debug|x86.Build.0 = Debug|Win32
		{77BCCF4D-3D4D-4801-AF44-481FAD796205}.Release|x64.ActiveCfg = Release|x64
		{77BCCF4D-3D4D-4801-AF44-481FAD796205}.Release|x64.Build.0 = Release|x64
		{77BCCF4D-3D4D-4801-AF44-481FAD796205}.Release|x86.ActiveCfg = Release|Win32
		{77BCCF4D-3D4D-4801-AF44-481FAD796205}.Release|x86.Build.0 = Release|Win32
		{7544C7FF-9849-4165-82F5-2BA14A993053}.Debug|x64.ActiveCfg = Debug|x64
		{7544C7FF-9849-4165-82F5-2BA14A993053}.Debug|x64.Build.0 = Debug|x64
		{7544C7FF-9849-4165-82F5-2BA14A993053}.Debug|x86.ActiveCfg = Debug|Win32
		{7544C7FF-9849-4165-82F5-2BA14A993053}.Debug|x86.Build.0 = Debug|Win32
		{7544C7FF-9849-4165-82F5-2BA14A993053}.Release|x64.ActiveCfg = Release|x64
		{7544C7FF-9849-4165-82F5-2BA14A993053}.Release|x64.Build.0 = Release|x64
		{7544C7FF-9849-4165-82F5-2BA14A993053}.Release|x86.ActiveCfg = Release|Win32
		{7544C7FF-9849-4165-82F5-2BA14A993053}.Release|x86.Build.0 = Release|Win32
		{882AC12D-C884-4FA1-8980-40D6EE80CE22}.Debug|x64.ActiveCfg = Debug|x64
		{882AC12D-C884-4FA1-8980-40D6EE80CE22}.Debug|x64.Build.0 = Debug|x64
		{882AC12D-C884-4FA1-8980-40D6EE80CE22}.Debug|x86.ActiveCfg = Debug|Win32
		{882AC12D-C884-4FA1-8980-40D6EE80CE22}.Debug|x86.Build.0 = Debug|Win32
		{882AC12D-C884-4FA1-8980-40D6EE80CE22}.Release|x64.ActiveCfg = Release|x64
		{882AC12D-C884-4FA1-8980-40D6EE80CE22}.Release|x64.Build.0 = Release|x64
		{882AC12D-C884-4FA1-8980-40D6EE80CE22}.Release|x86.ActiveCfg = Release|Win32
		{882AC12D-C884-4FA1-8980-40D6EE80CE22}.Release|x86.Build.0 = Release|Win32
	EndGlobalSection
	GlobalSection(SolutionProperties) = preSolution
		HideSolutionNode = FALSE
	EndGlobalSection
	GlobalSection(ExtensibilityGlobals) = postSolution
		SolutionGuid = {B30FF81C-F5F5-481A-8E9A-C4EA06B6EE6A}
	EndGlobalSection
EndGlobal
